// !$*UTF8*$!
{
	archiveVersion = 1;
	classes = {
	};
	objectVersion = 56;
	objects = {

/* Begin PBXBuildFile section */
		7B321A8E2C7EDEC800BCCD4D /* Proyecto_1App.swift in Sources */ = {isa = PBXBuildFile; fileRef = 7B321A8D2C7EDEC800BCCD4D /* Proyecto_1App.swift */; };
		7B321A902C7EDEC800BCCD4D /* ContentView.swift in Sources */ = {isa = PBXBuildFile; fileRef = 7B321A8F2C7EDEC800BCCD4D /* ContentView.swift */; };
		7B321A922C7EDECA00BCCD4D /* Assets.xcassets in Resources */ = {isa = PBXBuildFile; fileRef = 7B321A912C7EDECA00BCCD4D /* Assets.xcassets */; };
		7B321A962C7EDECA00BCCD4D /* Preview Assets.xcassets in Resources */ = {isa = PBXBuildFile; fileRef = 7B321A952C7EDECA00BCCD4D /* Preview Assets.xcassets */; };
		7B321AA02C7EDECA00BCCD4D /* Proyecto_1Tests.swift in Sources */ = {isa = PBXBuildFile; fileRef = 7B321A9F2C7EDECA00BCCD4D /* Proyecto_1Tests.swift */; };
		7B321AAA2C7EDECA00BCCD4D /* Proyecto_1UITests.swift in Sources */ = {isa = PBXBuildFile; fileRef = 7B321AA92C7EDECA00BCCD4D /* Proyecto_1UITests.swift */; };
		7B321AAC2C7EDECA00BCCD4D /* Proyecto_1UITestsLaunchTests.swift in Sources */ = {isa = PBXBuildFile; fileRef = 7B321AAB2C7EDECA00BCCD4D /* Proyecto_1UITestsLaunchTests.swift */; };
/* End PBXBuildFile section */

/* Begin PBXContainerItemProxy section */
		7B321A9C2C7EDECA00BCCD4D /* PBXContainerItemProxy */ = {
			isa = PBXContainerItemProxy;
			containerPortal = 7B321A822C7EDEC800BCCD4D /* Project object */;
			proxyType = 1;
			remoteGlobalIDString = 7B321A892C7EDEC800BCCD4D;
			remoteInfo = "Proyecto 1";
		};
		7B321AA62C7EDECA00BCCD4D /* PBXContainerItemProxy */ = {
			isa = PBXContainerItemProxy;
			containerPortal = 7B321A822C7EDEC800BCCD4D /* Project object */;
			proxyType = 1;
			remoteGlobalIDString = 7B321A892C7EDEC800BCCD4D;
			remoteInfo = "Proyecto 1";
		};
/* End PBXContainerItemProxy section */

/* Begin PBXFileReference section */
		7B321A8A2C7EDEC800BCCD4D /* Proyecto 1.app */ = {isa = PBXFileReference; explicitFileType = wrapper.application; includeInIndex = 0; path = "Proyecto 1.app"; sourceTree = BUILT_PRODUCTS_DIR; };
		7B321A8D2C7EDEC800BCCD4D /* Proyecto_1App.swift */ = {isa = PBXFileReference; lastKnownFileType = sourcecode.swift; path = Proyecto_1App.swift; sourceTree = "<group>"; };
		7B321A8F2C7EDEC800BCCD4D /* ContentView.swift */ = {isa = PBXFileReference; lastKnownFileType = sourcecode.swift; path = ContentView.swift; sourceTree = "<group>"; };
		7B321A912C7EDECA00BCCD4D /* Assets.xcassets */ = {isa = PBXFileReference; lastKnownFileType = folder.assetcatalog; path = Assets.xcassets; sourceTree = "<group>"; };
		7B321A932C7EDECA00BCCD4D /* Proyecto_1.entitlements */ = {isa = PBXFileReference; lastKnownFileType = text.plist.entitlements; path = Proyecto_1.entitlements; sourceTree = "<group>"; };
		7B321A952C7EDECA00BCCD4D /* Preview Assets.xcassets */ = {isa = PBXFileReference; lastKnownFileType = folder.assetcatalog; path = "Preview Assets.xcassets"; sourceTree = "<group>"; };
		7B321A9B2C7EDECA00BCCD4D /* Proyecto 1Tests.xctest */ = {isa = PBXFileReference; explicitFileType = wrapper.cfbundle; includeInIndex = 0; path = "Proyecto 1Tests.xctest"; sourceTree = BUILT_PRODUCTS_DIR; };
		7B321A9F2C7EDECA00BCCD4D /* Proyecto_1Tests.swift */ = {isa = PBXFileReference; lastKnownFileType = sourcecode.swift; path = Proyecto_1Tests.swift; sourceTree = "<group>"; };
		7B321AA52C7EDECA00BCCD4D /* Proyecto 1UITests.xctest */ = {isa = PBXFileReference; explicitFileType = wrapper.cfbundle; includeInIndex = 0; path = "Proyecto 1UITests.xctest"; sourceTree = BUILT_PRODUCTS_DIR; };
		7B321AA92C7EDECA00BCCD4D /* Proyecto_1UITests.swift */ = {isa = PBXFileReference; lastKnownFileType = sourcecode.swift; path = Proyecto_1UITests.swift; sourceTree = "<group>"; };
		7B321AAB2C7EDECA00BCCD4D /* Proyecto_1UITestsLaunchTests.swift */ = {isa = PBXFileReference; lastKnownFileType = sourcecode.swift; path = Proyecto_1UITestsLaunchTests.swift; sourceTree = "<group>"; };
/* End PBXFileReference section */

/* Begin PBXFrameworksBuildPhase section */
		7B321A872C7EDEC800BCCD4D /* Frameworks */ = {
			isa = PBXFrameworksBuildPhase;
			buildActionMask = 2147483647;
			files = (
			);
			runOnlyForDeploymentPostprocessing = 0;
		};
		7B321A982C7EDECA00BCCD4D /* Frameworks */ = {
			isa = PBXFrameworksBuildPhase;
			buildActionMask = 2147483647;
			files = (
			);
			runOnlyForDeploymentPostprocessing = 0;
		};
		7B321AA22C7EDECA00BCCD4D /* Frameworks */ = {
			isa = PBXFrameworksBuildPhase;
			buildActionMask = 2147483647;
			files = (
			);
			runOnlyForDeploymentPostprocessing = 0;
		};
/* End PBXFrameworksBuildPhase section */

/* Begin PBXGroup section */
		7B321A812C7EDEC800BCCD4D = {
			isa = PBXGroup;
			children = (
				7B321A8C2C7EDEC800BCCD4D /* Proyecto 1 */,
				7B321A9E2C7EDECA00BCCD4D /* Proyecto 1Tests */,
				7B321AA82C7EDECA00BCCD4D /* Proyecto 1UITests */,
				7B321A8B2C7EDEC800BCCD4D /* Products */,
			);
			sourceTree = "<group>";
		};
		7B321A8B2C7EDEC800BCCD4D /* Products */ = {
			isa = PBXGroup;
			children = (
				7B321A8A2C7EDEC800BCCD4D /* Proyecto 1.app */,
				7B321A9B2C7EDECA00BCCD4D /* Proyecto 1Tests.xctest */,
				7B321AA52C7EDECA00BCCD4D /* Proyecto 1UITests.xctest */,
			);
			name = Products;
			sourceTree = "<group>";
		};
		7B321A8C2C7EDEC800BCCD4D /* Proyecto 1 */ = {
			isa = PBXGroup;
			children = (
				7B321A8D2C7EDEC800BCCD4D /* Proyecto_1App.swift */,
				7B321A8F2C7EDEC800BCCD4D /* ContentView.swift */,
				7B321A912C7EDECA00BCCD4D /* Assets.xcassets */,
				7B321A932C7EDECA00BCCD4D /* Proyecto_1.entitlements */,
				7B321A942C7EDECA00BCCD4D /* Preview Content */,
			);
			path = "Proyecto 1";
			sourceTree = "<group>";
		};
		7B321A942C7EDECA00BCCD4D /* Preview Content */ = {
			isa = PBXGroup;
			children = (
				7B321A952C7EDECA00BCCD4D /* Preview Assets.xcassets */,
			);
			path = "Preview Content";
			sourceTree = "<group>";
		};
		7B321A9E2C7EDECA00BCCD4D /* Proyecto 1Tests */ = {
			isa = PBXGroup;
			children = (
				7B321A9F2C7EDECA00BCCD4D /* Proyecto_1Tests.swift */,
			);
			path = "Proyecto 1Tests";
			sourceTree = "<group>";
		};
		7B321AA82C7EDECA00BCCD4D /* Proyecto 1UITests */ = {
			isa = PBXGroup;
			children = (
				7B321AA92C7EDECA00BCCD4D /* Proyecto_1UITests.swift */,
				7B321AAB2C7EDECA00BCCD4D /* Proyecto_1UITestsLaunchTests.swift */,
			);
			path = "Proyecto 1UITests";
			sourceTree = "<group>";
		};
/* End PBXGroup section */

/* Begin PBXNativeTarget section */
		7B321A892C7EDEC800BCCD4D /* Proyecto 1 */ = {
			isa = PBXNativeTarget;
			buildConfigurationList = 7B321AAF2C7EDECA00BCCD4D /* Build configuration list for PBXNativeTarget "Proyecto 1" */;
			buildPhases = (
				7B321A862C7EDEC800BCCD4D /* Sources */,
				7B321A872C7EDEC800BCCD4D /* Frameworks */,
				7B321A882C7EDEC800BCCD4D /* Resources */,
			);
			buildRules = (
			);
			dependencies = (
			);
			name = "Proyecto 1";
			productName = "Proyecto 1";
			productReference = 7B321A8A2C7EDEC800BCCD4D /* Proyecto 1.app */;
			productType = "com.apple.product-type.application";
		};
		7B321A9A2C7EDECA00BCCD4D /* Proyecto 1Tests */ = {
			isa = PBXNativeTarget;
			buildConfigurationList = 7B321AB22C7EDECA00BCCD4D /* Build configuration list for PBXNativeTarget "Proyecto 1Tests" */;
			buildPhases = (
				7B321A972C7EDECA00BCCD4D /* Sources */,
				7B321A982C7EDECA00BCCD4D /* Frameworks */,
				7B321A992C7EDECA00BCCD4D /* Resources */,
			);
			buildRules = (
			);
			dependencies = (
				7B321A9D2C7EDECA00BCCD4D /* PBXTargetDependency */,
			);
			name = "Proyecto 1Tests";
			productName = "Proyecto 1Tests";
			productReference = 7B321A9B2C7EDECA00BCCD4D /* Proyecto 1Tests.xctest */;
			productType = "com.apple.product-type.bundle.unit-test";
		};
		7B321AA42C7EDECA00BCCD4D /* Proyecto 1UITests */ = {
			isa = PBXNativeTarget;
			buildConfigurationList = 7B321AB52C7EDECA00BCCD4D /* Build configuration list for PBXNativeTarget "Proyecto 1UITests" */;
			buildPhases = (
				7B321AA12C7EDECA00BCCD4D /* Sources */,
				7B321AA22C7EDECA00BCCD4D /* Frameworks */,
				7B321AA32C7EDECA00BCCD4D /* Resources */,
			);
			buildRules = (
			);
			dependencies = (
				7B321AA72C7EDECA00BCCD4D /* PBXTargetDependency */,
			);
			name = "Proyecto 1UITests";
			productName = "Proyecto 1UITests";
			productReference = 7B321AA52C7EDECA00BCCD4D /* Proyecto 1UITests.xctest */;
			productType = "com.apple.product-type.bundle.ui-testing";
		};
/* End PBXNativeTarget section */

/* Begin PBXProject section */
		7B321A822C7EDEC800BCCD4D /* Project object */ = {
			isa = PBXProject;
			attributes = {
				BuildIndependentTargetsInParallel = 1;
				LastSwiftUpdateCheck = 1540;
				LastUpgradeCheck = 1540;
				TargetAttributes = {
					7B321A892C7EDEC800BCCD4D = {
						CreatedOnToolsVersion = 15.4;
					};
					7B321A9A2C7EDECA00BCCD4D = {
						CreatedOnToolsVersion = 15.4;
						TestTargetID = 7B321A892C7EDEC800BCCD4D;
					};
					7B321AA42C7EDECA00BCCD4D = {
						CreatedOnToolsVersion = 15.4;
						TestTargetID = 7B321A892C7EDEC800BCCD4D;
					};
				};
			};
			buildConfigurationList = 7B321A852C7EDEC800BCCD4D /* Build configuration list for PBXProject "Proyecto 1" */;
			compatibilityVersion = "Xcode 14.0";
			developmentRegion = en;
			hasScannedForEncodings = 0;
			knownRegions = (
				en,
				Base,
			);
			mainGroup = 7B321A812C7EDEC800BCCD4D;
			productRefGroup = 7B321A8B2C7EDEC800BCCD4D /* Products */;
			projectDirPath = "";
			projectRoot = "";
			targets = (
				7B321A892C7EDEC800BCCD4D /* Proyecto 1 */,
				7B321A9A2C7EDECA00BCCD4D /* Proyecto 1Tests */,
				7B321AA42C7EDECA00BCCD4D /* Proyecto 1UITests */,
			);
		};
/* End PBXProject section */

/* Begin PBXResourcesBuildPhase section */
		7B321A882C7EDEC800BCCD4D /* Resources */ = {
			isa = PBXResourcesBuildPhase;
			buildActionMask = 2147483647;
			files = (
				7B321A962C7EDECA00BCCD4D /* Preview Assets.xcassets in Resources */,
				7B321A922C7EDECA00BCCD4D /* Assets.xcassets in Resources */,
			);
			runOnlyForDeploymentPostprocessing = 0;
		};
		7B321A992C7EDECA00BCCD4D /* Resources */ = {
			isa = PBXResourcesBuildPhase;
			buildActionMask = 2147483647;
			files = (
			);
			runOnlyForDeploymentPostprocessing = 0;
		};
		7B321AA32C7EDECA00BCCD4D /* Resources */ = {
			isa = PBXResourcesBuildPhase;
			buildActionMask = 2147483647;
			files = (
			);
			runOnlyForDeploymentPostprocessing = 0;
		};
/* End PBXResourcesBuildPhase section */

/* Begin PBXSourcesBuildPhase section */
		7B321A862C7EDEC800BCCD4D /* Sources */ = {
			isa = PBXSourcesBuildPhase;
			buildActionMask = 2147483647;
			files = (
				7B321A902C7EDEC800BCCD4D /* ContentView.swift in Sources */,
				7B321A8E2C7EDEC800BCCD4D /* Proyecto_1App.swift in Sources */,
			);
			runOnlyForDeploymentPostprocessing = 0;
		};
		7B321A972C7EDECA00BCCD4D /* Sources */ = {
			isa = PBXSourcesBuildPhase;
			buildActionMask = 2147483647;
			files = (
				7B321AA02C7EDECA00BCCD4D /* Proyecto_1Tests.swift in Sources */,
			);
			runOnlyForDeploymentPostprocessing = 0;
		};
		7B321AA12C7EDECA00BCCD4D /* Sources */ = {
			isa = PBXSourcesBuildPhase;
			buildActionMask = 2147483647;
			files = (
				7B321AAA2C7EDECA00BCCD4D /* Proyecto_1UITests.swift in Sources */,
				7B321AAC2C7EDECA00BCCD4D /* Proyecto_1UITestsLaunchTests.swift in Sources */,
			);
			runOnlyForDeploymentPostprocessing = 0;
		};
/* End PBXSourcesBuildPhase section */

/* Begin PBXTargetDependency section */
		7B321A9D2C7EDECA00BCCD4D /* PBXTargetDependency */ = {
			isa = PBXTargetDependency;
			target = 7B321A892C7EDEC800BCCD4D /* Proyecto 1 */;
			targetProxy = 7B321A9C2C7EDECA00BCCD4D /* PBXContainerItemProxy */;
		};
		7B321AA72C7EDECA00BCCD4D /* PBXTargetDependency */ = {
			isa = PBXTargetDependency;
			target = 7B321A892C7EDEC800BCCD4D /* Proyecto 1 */;
			targetProxy = 7B321AA62C7EDECA00BCCD4D /* PBXContainerItemProxy */;
		};
/* End PBXTargetDependency section */

/* Begin XCBuildConfiguration section */
		7B321AAD2C7EDECA00BCCD4D /* Debug */ = {
			isa = XCBuildConfiguration;
			buildSettings = {
				ALWAYS_SEARCH_USER_PATHS = NO;
				ASSETCATALOG_COMPILER_GENERATE_SWIFT_ASSET_SYMBOL_EXTENSIONS = YES;
				CLANG_ANALYZER_NONNULL = YES;
				CLANG_ANALYZER_NUMBER_OBJECT_CONVERSION = YES_AGGRESSIVE;
				CLANG_CXX_LANGUAGE_STANDARD = "gnu++20";
				CLANG_ENABLE_MODULES = YES;
				CLANG_ENABLE_OBJC_ARC = YES;
				CLANG_ENABLE_OBJC_WEAK = YES;
				CLANG_WARN_BLOCK_CAPTURE_AUTORELEASING = YES;
				CLANG_WARN_BOOL_CONVERSION = YES;
				CLANG_WARN_COMMA = YES;
				CLANG_WARN_CONSTANT_CONVERSION = YES;
				CLANG_WARN_DEPRECATED_OBJC_IMPLEMENTATIONS = YES;
				CLANG_WARN_DIRECT_OBJC_ISA_USAGE = YES_ERROR;
				CLANG_WARN_DOCUMENTATION_COMMENTS = YES;
				CLANG_WARN_EMPTY_BODY = YES;
				CLANG_WARN_ENUM_CONVERSION = YES;
				CLANG_WARN_INFINITE_RECURSION = YES;
				CLANG_WARN_INT_CONVERSION = YES;
				CLANG_WARN_NON_LITERAL_NULL_CONVERSION = YES;
				CLANG_WARN_OBJC_IMPLICIT_RETAIN_SELF = YES;
				CLANG_WARN_OBJC_LITERAL_CONVERSION = YES;
				CLANG_WARN_OBJC_ROOT_CLASS = YES_ERROR;
				CLANG_WARN_QUOTED_INCLUDE_IN_FRAMEWORK_HEADER = YES;
				CLANG_WARN_RANGE_LOOP_ANALYSIS = YES;
				CLANG_WARN_STRICT_PROTOTYPES = YES;
				CLANG_WARN_SUSPICIOUS_MOVE = YES;
				CLANG_WARN_UNGUARDED_AVAILABILITY = YES_AGGRESSIVE;
				CLANG_WARN_UNREACHABLE_CODE = YES;
				CLANG_WARN__DUPLICATE_METHOD_MATCH = YES;
				COPY_PHASE_STRIP = NO;
				DEBUG_INFORMATION_FORMAT = dwarf;
				ENABLE_STRICT_OBJC_MSGSEND = YES;
				ENABLE_TESTABILITY = YES;
				ENABLE_USER_SCRIPT_SANDBOXING = YES;
				GCC_C_LANGUAGE_STANDARD = gnu17;
				GCC_DYNAMIC_NO_PIC = NO;
				GCC_NO_COMMON_BLOCKS = YES;
				GCC_OPTIMIZATION_LEVEL = 0;
				GCC_PREPROCESSOR_DEFINITIONS = (
					"DEBUG=1",
					"$(inherited)",
				);
				GCC_WARN_64_TO_32_BIT_CONVERSION = YES;
				GCC_WARN_ABOUT_RETURN_TYPE = YES_ERROR;
				GCC_WARN_UNDECLARED_SELECTOR = YES;
				GCC_WARN_UNINITIALIZED_AUTOS = YES_AGGRESSIVE;
				GCC_WARN_UNUSED_FUNCTION = YES;
				GCC_WARN_UNUSED_VARIABLE = YES;
				LOCALIZATION_PREFERS_STRING_CATALOGS = YES;
				MTL_ENABLE_DEBUG_INFO = INCLUDE_SOURCE;
				MTL_FAST_MATH = YES;
				ONLY_ACTIVE_ARCH = YES;
				SWIFT_ACTIVE_COMPILATION_CONDITIONS = "DEBUG $(inherited)";
				SWIFT_OPTIMIZATION_LEVEL = "-Onone";
			};
			name = Debug;
		};
		7B321AAE2C7EDECA00BCCD4D /* Release */ = {
			isa = XCBuildConfiguration;
			buildSettings = {
				ALWAYS_SEARCH_USER_PATHS = NO;
				ASSETCATALOG_COMPILER_GENERATE_SWIFT_ASSET_SYMBOL_EXTENSIONS = YES;
				CLANG_ANALYZER_NONNULL = YES;
				CLANG_ANALYZER_NUMBER_OBJECT_CONVERSION = YES_AGGRESSIVE;
				CLANG_CXX_LANGUAGE_STANDARD = "gnu++20";
				CLANG_ENABLE_MODULES = YES;
				CLANG_ENABLE_OBJC_ARC = YES;
				CLANG_ENABLE_OBJC_WEAK = YES;
				CLANG_WARN_BLOCK_CAPTURE_AUTORELEASING = YES;
				CLANG_WARN_BOOL_CONVERSION = YES;
				CLANG_WARN_COMMA = YES;
				CLANG_WARN_CONSTANT_CONVERSION = YES;
				CLANG_WARN_DEPRECATED_OBJC_IMPLEMENTATIONS = YES;
				CLANG_WARN_DIRECT_OBJC_ISA_USAGE = YES_ERROR;
				CLANG_WARN_DOCUMENTATION_COMMENTS = YES;
				CLANG_WARN_EMPTY_BODY = YES;
				CLANG_WARN_ENUM_CONVERSION = YES;
				CLANG_WARN_INFINITE_RECURSION = YES;
				CLANG_WARN_INT_CONVERSION = YES;
				CLANG_WARN_NON_LITERAL_NULL_CONVERSION = YES;
				CLANG_WARN_OBJC_IMPLICIT_RETAIN_SELF = YES;
				CLANG_WARN_OBJC_LITERAL_CONVERSION = YES;
				CLANG_WARN_OBJC_ROOT_CLASS = YES_ERROR;
				CLANG_WARN_QUOTED_INCLUDE_IN_FRAMEWORK_HEADER = YES;
				CLANG_WARN_RANGE_LOOP_ANALYSIS = YES;
				CLANG_WARN_STRICT_PROTOTYPES = YES;
				CLANG_WARN_SUSPICIOUS_MOVE = YES;
				CLANG_WARN_UNGUARDED_AVAILABILITY = YES_AGGRESSIVE;
				CLANG_WARN_UNREACHABLE_CODE = YES;
				CLANG_WARN__DUPLICATE_METHOD_MATCH = YES;
				COPY_PHASE_STRIP = NO;
				DEBUG_INFORMATION_FORMAT = "dwarf-with-dsym";
				ENABLE_NS_ASSERTIONS = NO;
				ENABLE_STRICT_OBJC_MSGSEND = YES;
				ENABLE_USER_SCRIPT_SANDBOXING = YES;
				GCC_C_LANGUAGE_STANDARD = gnu17;
				GCC_NO_COMMON_BLOCKS = YES;
				GCC_WARN_64_TO_32_BIT_CONVERSION = YES;
				GCC_WARN_ABOUT_RETURN_TYPE = YES_ERROR;
				GCC_WARN_UNDECLARED_SELECTOR = YES;
				GCC_WARN_UNINITIALIZED_AUTOS = YES_AGGRESSIVE;
				GCC_WARN_UNUSED_FUNCTION = YES;
				GCC_WARN_UNUSED_VARIABLE = YES;
				LOCALIZATION_PREFERS_STRING_CATALOGS = YES;
				MTL_ENABLE_DEBUG_INFO = NO;
				MTL_FAST_MATH = YES;
				SWIFT_COMPILATION_MODE = wholemodule;
			};
			name = Release;
		};
		7B321AB02C7EDECA00BCCD4D /* Debug */ = {
			isa = XCBuildConfiguration;
			buildSettings = {
				ASSETCATALOG_COMPILER_APPICON_NAME = AppIcon;
				ASSETCATALOG_COMPILER_GLOBAL_ACCENT_COLOR_NAME = AccentColor;
				CODE_SIGN_ENTITLEMENTS = "Proyecto 1/Proyecto_1.entitlements";
				CODE_SIGN_STYLE = Automatic;
				CURRENT_PROJECT_VERSION = 1;
				DEVELOPMENT_ASSET_PATHS = "\"Proyecto 1/Preview Content\"";
				DEVELOPMENT_TEAM = MTL4YJMX73;
				ENABLE_HARDENED_RUNTIME = YES;
				ENABLE_PREVIEWS = YES;
				GENERATE_INFOPLIST_FILE = YES;
				"INFOPLIST_KEY_UIApplicationSceneManifest_Generation[sdk=iphoneos*]" = YES;
				"INFOPLIST_KEY_UIApplicationSceneManifest_Generation[sdk=iphonesimulator*]" = YES;
				"INFOPLIST_KEY_UIApplicationSupportsIndirectInputEvents[sdk=iphoneos*]" = YES;
				"INFOPLIST_KEY_UIApplicationSupportsIndirectInputEvents[sdk=iphonesimulator*]" = YES;
				"INFOPLIST_KEY_UILaunchScreen_Generation[sdk=iphoneos*]" = YES;
				"INFOPLIST_KEY_UILaunchScreen_Generation[sdk=iphonesimulator*]" = YES;
				"INFOPLIST_KEY_UIStatusBarStyle[sdk=iphoneos*]" = UIStatusBarStyleDefault;
				"INFOPLIST_KEY_UIStatusBarStyle[sdk=iphonesimulator*]" = UIStatusBarStyleDefault;
				INFOPLIST_KEY_UISupportedInterfaceOrientations_iPad = "UIInterfaceOrientationPortrait UIInterfaceOrientationPortraitUpsideDown UIInterfaceOrientationLandscapeLeft UIInterfaceOrientationLandscapeRight";
				INFOPLIST_KEY_UISupportedInterfaceOrientations_iPhone = "UIInterfaceOrientationPortrait UIInterfaceOrientationLandscapeLeft UIInterfaceOrientationLandscapeRight";
				IPHONEOS_DEPLOYMENT_TARGET = 17.5;
				LD_RUNPATH_SEARCH_PATHS = "@executable_path/Frameworks";
				"LD_RUNPATH_SEARCH_PATHS[sdk=macosx*]" = "@executable_path/../Frameworks";
				MACOSX_DEPLOYMENT_TARGET = 14.5;
				MARKETING_VERSION = 1.0;
				PRODUCT_BUNDLE_IDENTIFIER = "dev-code-home.Proyecto-1";
				PRODUCT_NAME = "$(TARGET_NAME)";
				SDKROOT = auto;
				SUPPORTED_PLATFORMS = "iphoneos iphonesimulator macosx";
				SWIFT_EMIT_LOC_STRINGS = YES;
				SWIFT_VERSION = 5.0;
				TARGETED_DEVICE_FAMILY = "1,2";
			};
			name = Debug;
		};
		7B321AB12C7EDECA00BCCD4D /* Release */ = {
			isa = XCBuildConfiguration;
			buildSettings = {
				ASSETCATALOG_COMPILER_APPICON_NAME = AppIcon;
				ASSETCATALOG_COMPILER_GLOBAL_ACCENT_COLOR_NAME = AccentColor;
				CODE_SIGN_ENTITLEMENTS = "Proyecto 1/Proyecto_1.entitlements";
				CODE_SIGN_STYLE = Automatic;
				CURRENT_PROJECT_VERSION = 1;
				DEVELOPMENT_ASSET_PATHS = "\"Proyecto 1/Preview Content\"";
				DEVELOPMENT_TEAM = MTL4YJMX73;
				ENABLE_HARDENED_RUNTIME = YES;
				ENABLE_PREVIEWS = YES;
				GENERATE_INFOPLIST_FILE = YES;
				"INFOPLIST_KEY_UIApplicationSceneManifest_Generation[sdk=iphoneos*]" = YES;
				"INFOPLIST_KEY_UIApplicationSceneManifest_Generation[sdk=iphonesimulator*]" = YES;
				"INFOPLIST_KEY_UIApplicationSupportsIndirectInputEvents[sdk=iphoneos*]" = YES;
				"INFOPLIST_KEY_UIApplicationSupportsIndirectInputEvents[sdk=iphonesimulator*]" = YES;
				"INFOPLIST_KEY_UILaunchScreen_Generation[sdk=iphoneos*]" = YES;
				"INFOPLIST_KEY_UILaunchScreen_Generation[sdk=iphonesimulator*]" = YES;
				"INFOPLIST_KEY_UIStatusBarStyle[sdk=iphoneos*]" = UIStatusBarStyleDefault;
				"INFOPLIST_KEY_UIStatusBarStyle[sdk=iphonesimulator*]" = UIStatusBarStyleDefault;
				INFOPLIST_KEY_UISupportedInterfaceOrientations_iPad = "UIInterfaceOrientationPortrait UIInterfaceOrientationPortraitUpsideDown UIInterfaceOrientationLandscapeLeft UIInterfaceOrientationLandscapeRight";
				INFOPLIST_KEY_UISupportedInterfaceOrientations_iPhone = "UIInterfaceOrientationPortrait UIInterfaceOrientationLandscapeLeft UIInterfaceOrientationLandscapeRight";
				IPHONEOS_DEPLOYMENT_TARGET = 17.5;
				LD_RUNPATH_SEARCH_PATHS = "@executable_path/Frameworks";
				"LD_RUNPATH_SEARCH_PATHS[sdk=macosx*]" = "@executable_path/../Frameworks";
				MACOSX_DEPLOYMENT_TARGET = 14.5;
				MARKETING_VERSION = 1.0;
				PRODUCT_BUNDLE_IDENTIFIER = "dev-code-home.Proyecto-1";
				PRODUCT_NAME = "$(TARGET_NAME)";
				SDKROOT = auto;
				SUPPORTED_PLATFORMS = "iphoneos iphonesimulator macosx";
				SWIFT_EMIT_LOC_STRINGS = YES;
				SWIFT_VERSION = 5.0;
				TARGETED_DEVICE_FAMILY = "1,2";
			};
			name = Release;
		};
		7B321AB32C7EDECA00BCCD4D /* Debug */ = {
			isa = XCBuildConfiguration;
			buildSettings = {
				ALWAYS_EMBED_SWIFT_STANDARD_LIBRARIES = YES;
				BUNDLE_LOADER = "$(TEST_HOST)";
				CODE_SIGN_STYLE = Automatic;
				CURRENT_PROJECT_VERSION = 1;
				DEVELOPMENT_TEAM = MTL4YJMX73;
				GENERATE_INFOPLIST_FILE = YES;
				IPHONEOS_DEPLOYMENT_TARGET = 17.5;
				MACOSX_DEPLOYMENT_TARGET = 14.5;
				MARKETING_VERSION = 1.0;
				PRODUCT_BUNDLE_IDENTIFIER = "dev-code-home.Proyecto-1Tests";
				PRODUCT_NAME = "$(TARGET_NAME)";
				SDKROOT = auto;
				SUPPORTED_PLATFORMS = "iphoneos iphonesimulator macosx";
				SWIFT_EMIT_LOC_STRINGS = NO;
				SWIFT_VERSION = 5.0;
				TARGETED_DEVICE_FAMILY = "1,2";
				TEST_HOST = "$(BUILT_PRODUCTS_DIR)/Proyecto 1.app/$(BUNDLE_EXECUTABLE_FOLDER_PATH)/Proyecto 1";
			};
			name = Debug;
		};
		7B321AB42C7EDECA00BCCD4D /* Release */ = {
			isa = XCBuildConfiguration;
			buildSettings = {
				ALWAYS_EMBED_SWIFT_STANDARD_LIBRARIES = YES;
				BUNDLE_LOADER = "$(TEST_HOST)";
				CODE_SIGN_STYLE = Automatic;
				CURRENT_PROJECT_VERSION = 1;
				DEVELOPMENT_TEAM = MTL4YJMX73;
				GENERATE_INFOPLIST_FILE = YES;
				IPHONEOS_DEPLOYMENT_TARGET = 17.5;
				MACOSX_DEPLOYMENT_TARGET = 14.5;
				MARKETING_VERSION = 1.0;
				PRODUCT_BUNDLE_IDENTIFIER = "dev-code-home.Proyecto-1Tests";
				PRODUCT_NAME = "$(TARGET_NAME)";
				SDKROOT = auto;
				SUPPORTED_PLATFORMS = "iphoneos iphonesimulator macosx";
				SWIFT_EMIT_LOC_STRINGS = NO;
				SWIFT_VERSION = 5.0;
				TARGETED_DEVICE_FAMILY = "1,2";
				TEST_HOST = "$(BUILT_PRODUCTS_DIR)/Proyecto 1.app/$(BUNDLE_EXECUTABLE_FOLDER_PATH)/Proyecto 1";
			};
			name = Release;
		};
		7B321AB62C7EDECA00BCCD4D /* Debug */ = {
			isa = XCBuildConfiguration;
			buildSettings = {
				ALWAYS_EMBED_SWIFT_STANDARD_LIBRARIES = YES;
				CODE_SIGN_STYLE = Automatic;
				CURRENT_PROJECT_VERSION = 1;
				DEVELOPMENT_TEAM = MTL4YJMX73;
				GENERATE_INFOPLIST_FILE = YES;
				IPHONEOS_DEPLOYMENT_TARGET = 17.5;
				MACOSX_DEPLOYMENT_TARGET = 14.5;
				MARKETING_VERSION = 1.0;
				PRODUCT_BUNDLE_IDENTIFIER = "dev-code-home.Proyecto-1UITests";
				PRODUCT_NAME = "$(TARGET_NAME)";
				SDKROOT = auto;
				SUPPORTED_PLATFORMS = "iphoneos iphonesimulator macosx";
				SWIFT_EMIT_LOC_STRINGS = NO;
				SWIFT_VERSION = 5.0;
				TARGETED_DEVICE_FAMILY = "1,2";
				TEST_TARGET_NAME = "Proyecto 1";
			};
			name = Debug;
		};
		7B321AB72C7EDECA00BCCD4D /* Release */ = {
			isa = XCBuildConfiguration;
			buildSettings = {
				ALWAYS_EMBED_SWIFT_STANDARD_LIBRARIES = YES;
				CODE_SIGN_STYLE = Automatic;
				CURRENT_PROJECT_VERSION = 1;
				DEVELOPMENT_TEAM = MTL4YJMX73;
				GENERATE_INFOPLIST_FILE = YES;
				IPHONEOS_DEPLOYMENT_TARGET = 17.5;
				MACOSX_DEPLOYMENT_TARGET = 14.5;
				MARKETING_VERSION = 1.0;
				PRODUCT_BUNDLE_IDENTIFIER = "dev-code-home.Proyecto-1UITests";
				PRODUCT_NAME = "$(TARGET_NAME)";
				SDKROOT = auto;
				SUPPORTED_PLATFORMS = "iphoneos iphonesimulator macosx";
				SWIFT_EMIT_LOC_STRINGS = NO;
				SWIFT_VERSION = 5.0;
				TARGETED_DEVICE_FAMILY = "1,2";
				TEST_TARGET_NAME = "Proyecto 1";
			};
			name = Release;
		};
/* End XCBuildConfiguration section */

/* Begin XCConfigurationList section */
		7B321A852C7EDEC800BCCD4D /* Build configuration list for PBXProject "Proyecto 1" */ = {
			isa = XCConfigurationList;
			buildConfigurations = (
				7B321AAD2C7EDECA00BCCD4D /* Debug */,
				7B321AAE2C7EDECA00BCCD4D /* Release */,
			);
			defaultConfigurationIsVisible = 0;
			defaultConfigurationName = Release;
		};
		7B321AAF2C7EDECA00BCCD4D /* Build configuration list for PBXNativeTarget "Proyecto 1" */ = {
			isa = XCConfigurationList;
			buildConfigurations = (
				7B321AB02C7EDECA00BCCD4D /* Debug */,
				7B321AB12C7EDECA00BCCD4D /* Release */,
			);
			defaultConfigurationIsVisible = 0;
			defaultConfigurationName = Release;
		};
		7B321AB22C7EDECA00BCCD4D /* Build configuration list for PBXNativeTarget "Proyecto 1Tests" */ = {
			isa = XCConfigurationList;
			buildConfigurations = (
				7B321AB32C7EDECA00BCCD4D /* Debug */,
				7B321AB42C7EDECA00BCCD4D /* Release */,
			);
			defaultConfigurationIsVisible = 0;
			defaultConfigurationName = Release;
		};
		7B321AB52C7EDECA00BCCD4D /* Build configuration list for PBXNativeTarget "Proyecto 1UITests" */ = {
			isa = XCConfigurationList;
			buildConfigurations = (
				7B321AB62C7EDECA00BCCD4D /* Debug */,
				7B321AB72C7EDECA00BCCD4D /* Release */,
			);
			defaultConfigurationIsVisible = 0;
			defaultConfigurationName = Release;
		};
/* End XCConfigurationList section */
	};
	rootObject = 7B321A822C7EDEC800BCCD4D /* Project object */;
}
